// !$*UTF8*$!
{
	archiveVersion = 1;
	classes = {
	};
	objectVersion = 50;
	objects = {

/* Begin PBXBuildFile section */
		E9B290B025B3791B001AA15B /* AppDelegate.swift in Sources */ = {isa = PBXBuildFile; fileRef = E9B290AF25B3791B001AA15B /* AppDelegate.swift */; };
		E9B290B225B3791B001AA15B /* SceneDelegate.swift in Sources */ = {isa = PBXBuildFile; fileRef = E9B290B125B3791B001AA15B /* SceneDelegate.swift */; };
		E9B290B425B3791B001AA15B /* ViewController.swift in Sources */ = {isa = PBXBuildFile; fileRef = E9B290B325B3791B001AA15B /* ViewController.swift */; };
		E9B290B725B3791B001AA15B /* Main.storyboard in Resources */ = {isa = PBXBuildFile; fileRef = E9B290B525B3791B001AA15B /* Main.storyboard */; };
		E9B290B925B3791D001AA15B /* Assets.xcassets in Resources */ = {isa = PBXBuildFile; fileRef = E9B290B825B3791D001AA15B /* Assets.xcassets */; };
		E9B290BC25B3791D001AA15B /* LaunchScreen.storyboard in Resources */ = {isa = PBXBuildFile; fileRef = E9B290BA25B3791D001AA15B /* LaunchScreen.storyboard */; };
		E9B290C725B3791D001AA15B /* Delicious_DeskTests.swift in Sources */ = {isa = PBXBuildFile; fileRef = E9B290C625B3791D001AA15B /* Delicious_DeskTests.swift */; };
		E9B290D225B3791D001AA15B /* Delicious_DeskUITests.swift in Sources */ = {isa = PBXBuildFile; fileRef = E9B290D125B3791D001AA15B /* Delicious_DeskUITests.swift */; };
/* End PBXBuildFile section */

/* Begin PBXContainerItemProxy section */
		E9B290C325B3791D001AA15B /* PBXContainerItemProxy */ = {
			isa = PBXContainerItemProxy;
			containerPortal = E9B290A425B3791A001AA15B /* Project object */;
			proxyType = 1;
			remoteGlobalIDString = E9B290AB25B3791A001AA15B;
			remoteInfo = "Delicious Desk";
		};
		E9B290CE25B3791D001AA15B /* PBXContainerItemProxy */ = {
			isa = PBXContainerItemProxy;
			containerPortal = E9B290A425B3791A001AA15B /* Project object */;
			proxyType = 1;
			remoteGlobalIDString = E9B290AB25B3791A001AA15B;
			remoteInfo = "Delicious Desk";
		};
/* End PBXContainerItemProxy section */

/* Begin PBXFileReference section */
		E9B290AC25B3791B001AA15B /* Delicious Desk.app */ = {isa = PBXFileReference; explicitFileType = wrapper.application; includeInIndex = 0; path = "Delicious Desk.app"; sourceTree = BUILT_PRODUCTS_DIR; };
		E9B290AF25B3791B001AA15B /* AppDelegate.swift */ = {isa = PBXFileReference; lastKnownFileType = sourcecode.swift; path = AppDelegate.swift; sourceTree = "<group>"; };
		E9B290B125B3791B001AA15B /* SceneDelegate.swift */ = {isa = PBXFileReference; lastKnownFileType = sourcecode.swift; path = SceneDelegate.swift; sourceTree = "<group>"; };
		E9B290B325B3791B001AA15B /* ViewController.swift */ = {isa = PBXFileReference; lastKnownFileType = sourcecode.swift; path = ViewController.swift; sourceTree = "<group>"; };
		E9B290B625B3791B001AA15B /* Base */ = {isa = PBXFileReference; lastKnownFileType = file.storyboard; name = Base; path = Base.lproj/Main.storyboard; sourceTree = "<group>"; };
		E9B290B825B3791D001AA15B /* Assets.xcassets */ = {isa = PBXFileReference; lastKnownFileType = folder.assetcatalog; path = Assets.xcassets; sourceTree = "<group>"; };
		E9B290BB25B3791D001AA15B /* Base */ = {isa = PBXFileReference; lastKnownFileType = file.storyboard; name = Base; path = Base.lproj/LaunchScreen.storyboard; sourceTree = "<group>"; };
		E9B290BD25B3791D001AA15B /* Info.plist */ = {isa = PBXFileReference; lastKnownFileType = text.plist.xml; path = Info.plist; sourceTree = "<group>"; };
		E9B290C225B3791D001AA15B /* Delicious DeskTests.xctest */ = {isa = PBXFileReference; explicitFileType = wrapper.cfbundle; includeInIndex = 0; path = "Delicious DeskTests.xctest"; sourceTree = BUILT_PRODUCTS_DIR; };
		E9B290C625B3791D001AA15B /* Delicious_DeskTests.swift */ = {isa = PBXFileReference; lastKnownFileType = sourcecode.swift; path = Delicious_DeskTests.swift; sourceTree = "<group>"; };
		E9B290C825B3791D001AA15B /* Info.plist */ = {isa = PBXFileReference; lastKnownFileType = text.plist.xml; path = Info.plist; sourceTree = "<group>"; };
		E9B290CD25B3791D001AA15B /* Delicious DeskUITests.xctest */ = {isa = PBXFileReference; explicitFileType = wrapper.cfbundle; includeInIndex = 0; path = "Delicious DeskUITests.xctest"; sourceTree = BUILT_PRODUCTS_DIR; };
		E9B290D125B3791D001AA15B /* Delicious_DeskUITests.swift */ = {isa = PBXFileReference; lastKnownFileType = sourcecode.swift; path = Delicious_DeskUITests.swift; sourceTree = "<group>"; };
		E9B290D325B3791D001AA15B /* Info.plist */ = {isa = PBXFileReference; lastKnownFileType = text.plist.xml; path = Info.plist; sourceTree = "<group>"; };
/* End PBXFileReference section */

/* Begin PBXFrameworksBuildPhase section */
		E9B290A925B3791A001AA15B /* Frameworks */ = {
			isa = PBXFrameworksBuildPhase;
			buildActionMask = 2147483647;
			files = (
			);
			runOnlyForDeploymentPostprocessing = 0;
		};
		E9B290BF25B3791D001AA15B /* Frameworks */ = {
			isa = PBXFrameworksBuildPhase;
			buildActionMask = 2147483647;
			files = (
			);
			runOnlyForDeploymentPostprocessing = 0;
		};
		E9B290CA25B3791D001AA15B /* Frameworks */ = {
			isa = PBXFrameworksBuildPhase;
			buildActionMask = 2147483647;
			files = (
			);
			runOnlyForDeploymentPostprocessing = 0;
		};
/* End PBXFrameworksBuildPhase section */

/* Begin PBXGroup section */
		E9B290A325B3791A001AA15B = {
			isa = PBXGroup;
			children = (
				E9B290AE25B3791B001AA15B /* Delicious Desk */,
				E9B290C525B3791D001AA15B /* Delicious DeskTests */,
				E9B290D025B3791D001AA15B /* Delicious DeskUITests */,
				E9B290AD25B3791B001AA15B /* Products */,
			);
			sourceTree = "<group>";
		};
		E9B290AD25B3791B001AA15B /* Products */ = {
			isa = PBXGroup;
			children = (
				E9B290AC25B3791B001AA15B /* Delicious Desk.app */,
				E9B290C225B3791D001AA15B /* Delicious DeskTests.xctest */,
				E9B290CD25B3791D001AA15B /* Delicious DeskUITests.xctest */,
			);
			name = Products;
			sourceTree = "<group>";
		};
		E9B290AE25B3791B001AA15B /* Delicious Desk */ = {
			isa = PBXGroup;
			children = (
				E9B290AF25B3791B001AA15B /* AppDelegate.swift */,
				E9B290B125B3791B001AA15B /* SceneDelegate.swift */,
				E9B290B325B3791B001AA15B /* ViewController.swift */,
				E9B290B525B3791B001AA15B /* Main.storyboard */,
				E9B290B825B3791D001AA15B /* Assets.xcassets */,
				E9B290BA25B3791D001AA15B /* LaunchScreen.storyboard */,
				E9B290BD25B3791D001AA15B /* Info.plist */,
			);
			path = "Delicious Desk";
			sourceTree = "<group>";
		};
		E9B290C525B3791D001AA15B /* Delicious DeskTests */ = {
			isa = PBXGroup;
			children = (
				E9B290C625B3791D001AA15B /* Delicious_DeskTests.swift */,
				E9B290C825B3791D001AA15B /* Info.plist */,
			);
			path = "Delicious DeskTests";
			sourceTree = "<group>";
		};
		E9B290D025B3791D001AA15B /* Delicious DeskUITests */ = {
			isa = PBXGroup;
			children = (
				E9B290D125B3791D001AA15B /* Delicious_DeskUITests.swift */,
				E9B290D325B3791D001AA15B /* Info.plist */,
			);
			path = "Delicious DeskUITests";
			sourceTree = "<group>";
		};
/* End PBXGroup section */

/* Begin PBXNativeTarget section */
		E9B290AB25B3791A001AA15B /* Delicious Desk */ = {
			isa = PBXNativeTarget;
			buildConfigurationList = E9B290D625B3791D001AA15B /* Build configuration list for PBXNativeTarget "Delicious Desk" */;
			buildPhases = (
				E9B290A825B3791A001AA15B /* Sources */,
				E9B290A925B3791A001AA15B /* Frameworks */,
				E9B290AA25B3791A001AA15B /* Resources */,
			);
			buildRules = (
			);
			dependencies = (
			);
			name = "Delicious Desk";
			productName = "Delicious Desk";
			productReference = E9B290AC25B3791B001AA15B /* Delicious Desk.app */;
			productType = "com.apple.product-type.application";
		};
		E9B290C125B3791D001AA15B /* Delicious DeskTests */ = {
			isa = PBXNativeTarget;
			buildConfigurationList = E9B290D925B3791D001AA15B /* Build configuration list for PBXNativeTarget "Delicious DeskTests" */;
			buildPhases = (
				E9B290BE25B3791D001AA15B /* Sources */,
				E9B290BF25B3791D001AA15B /* Frameworks */,
				E9B290C025B3791D001AA15B /* Resources */,
			);
			buildRules = (
			);
			dependencies = (
				E9B290C425B3791D001AA15B /* PBXTargetDependency */,
			);
			name = "Delicious DeskTests";
			productName = "Delicious DeskTests";
			productReference = E9B290C225B3791D001AA15B /* Delicious DeskTests.xctest */;
			productType = "com.apple.product-type.bundle.unit-test";
		};
		E9B290CC25B3791D001AA15B /* Delicious DeskUITests */ = {
			isa = PBXNativeTarget;
			buildConfigurationList = E9B290DC25B3791D001AA15B /* Build configuration list for PBXNativeTarget "Delicious DeskUITests" */;
			buildPhases = (
				E9B290C925B3791D001AA15B /* Sources */,
				E9B290CA25B3791D001AA15B /* Frameworks */,
				E9B290CB25B3791D001AA15B /* Resources */,
			);
			buildRules = (
			);
			dependencies = (
				E9B290CF25B3791D001AA15B /* PBXTargetDependency */,
			);
			name = "Delicious DeskUITests";
			productName = "Delicious DeskUITests";
			productReference = E9B290CD25B3791D001AA15B /* Delicious DeskUITests.xctest */;
			productType = "com.apple.product-type.bundle.ui-testing";
		};
/* End PBXNativeTarget section */

/* Begin PBXProject section */
		E9B290A425B3791A001AA15B /* Project object */ = {
			isa = PBXProject;
			attributes = {
				LastSwiftUpdateCheck = 1230;
				LastUpgradeCheck = 1230;
				TargetAttributes = {
					E9B290AB25B3791A001AA15B = {
						CreatedOnToolsVersion = 12.3;
					};
					E9B290C125B3791D001AA15B = {
						CreatedOnToolsVersion = 12.3;
						TestTargetID = E9B290AB25B3791A001AA15B;
					};
					E9B290CC25B3791D001AA15B = {
						CreatedOnToolsVersion = 12.3;
						TestTargetID = E9B290AB25B3791A001AA15B;
					};
				};
			};
			buildConfigurationList = E9B290A725B3791A001AA15B /* Build configuration list for PBXProject "Delicious Desk" */;
			compatibilityVersion = "Xcode 9.3";
			developmentRegion = en;
			hasScannedForEncodings = 0;
			knownRegions = (
				en,
				Base,
			);
			mainGroup = E9B290A325B3791A001AA15B;
			productRefGroup = E9B290AD25B3791B001AA15B /* Products */;
			projectDirPath = "";
			projectRoot = "";
			targets = (
				E9B290AB25B3791A001AA15B /* Delicious Desk */,
				E9B290C125B3791D001AA15B /* Delicious DeskTests */,
				E9B290CC25B3791D001AA15B /* Delicious DeskUITests */,
			);
		};
/* End PBXProject section */

/* Begin PBXResourcesBuildPhase section */
		E9B290AA25B3791A001AA15B /* Resources */ = {
			isa = PBXResourcesBuildPhase;
			buildActionMask = 2147483647;
			files = (
				E9B290BC25B3791D001AA15B /* LaunchScreen.storyboard in Resources */,
				E9B290B925B3791D001AA15B /* Assets.xcassets in Resources */,
				E9B290B725B3791B001AA15B /* Main.storyboard in Resources */,
			);
			runOnlyForDeploymentPostprocessing = 0;
		};
		E9B290C025B3791D001AA15B /* Resources */ = {
			isa = PBXResourcesBuildPhase;
			buildActionMask = 2147483647;
			files = (
			);
			runOnlyForDeploymentPostprocessing = 0;
		};
		E9B290CB25B3791D001AA15B /* Resources */ = {
			isa = PBXResourcesBuildPhase;
			buildActionMask = 2147483647;
			files = (
			);
			runOnlyForDeploymentPostprocessing = 0;
		};
/* End PBXResourcesBuildPhase section */

/* Begin PBXSourcesBuildPhase section */
		E9B290A825B3791A001AA15B /* Sources */ = {
			isa = PBXSourcesBuildPhase;
			buildActionMask = 2147483647;
			files = (
				E9B290B425B3791B001AA15B /* ViewController.swift in Sources */,
				E9B290B025B3791B001AA15B /* AppDelegate.swift in Sources */,
				E9B290B225B3791B001AA15B /* SceneDelegate.swift in Sources */,
			);
			runOnlyForDeploymentPostprocessing = 0;
		};
		E9B290BE25B3791D001AA15B /* Sources */ = {
			isa = PBXSourcesBuildPhase;
			buildActionMask = 2147483647;
			files = (
				E9B290C725B3791D001AA15B /* Delicious_DeskTests.swift in Sources */,
			);
			runOnlyForDeploymentPostprocessing = 0;
		};
		E9B290C925B3791D001AA15B /* Sources */ = {
			isa = PBXSourcesBuildPhase;
			buildActionMask = 2147483647;
			files = (
				E9B290D225B3791D001AA15B /* Delicious_DeskUITests.swift in Sources */,
			);
			runOnlyForDeploymentPostprocessing = 0;
		};
/* End PBXSourcesBuildPhase section */

/* Begin PBXTargetDependency section */
		E9B290C425B3791D001AA15B /* PBXTargetDependency */ = {
			isa = PBXTargetDependency;
			target = E9B290AB25B3791A001AA15B /* Delicious Desk */;
			targetProxy = E9B290C325B3791D001AA15B /* PBXContainerItemProxy */;
		};
		E9B290CF25B3791D001AA15B /* PBXTargetDependency */ = {
			isa = PBXTargetDependency;
			target = E9B290AB25B3791A001AA15B /* Delicious Desk */;
			targetProxy = E9B290CE25B3791D001AA15B /* PBXContainerItemProxy */;
		};
/* End PBXTargetDependency section */

/* Begin PBXVariantGroup section */
		E9B290B525B3791B001AA15B /* Main.storyboard */ = {
			isa = PBXVariantGroup;
			children = (
				E9B290B625B3791B001AA15B /* Base */,
			);
			name = Main.storyboard;
			sourceTree = "<group>";
		};
		E9B290BA25B3791D001AA15B /* LaunchScreen.storyboard */ = {
			isa = PBXVariantGroup;
			children = (
				E9B290BB25B3791D001AA15B /* Base */,
			);
			name = LaunchScreen.storyboard;
			sourceTree = "<group>";
		};
/* End PBXVariantGroup section */

/* Begin XCBuildConfiguration section */
		E9B290D425B3791D001AA15B /* Debug */ = {
			isa = XCBuildConfiguration;
			buildSettings = {
				ALWAYS_SEARCH_USER_PATHS = NO;
				CLANG_ANALYZER_NONNULL = YES;
				CLANG_ANALYZER_NUMBER_OBJECT_CONVERSION = YES_AGGRESSIVE;
				CLANG_CXX_LANGUAGE_STANDARD = "gnu++14";
				CLANG_CXX_LIBRARY = "libc++";
				CLANG_ENABLE_MODULES = YES;
				CLANG_ENABLE_OBJC_ARC = YES;
				CLANG_ENABLE_OBJC_WEAK = YES;
				CLANG_WARN_BLOCK_CAPTURE_AUTORELEASING = YES;
				CLANG_WARN_BOOL_CONVERSION = YES;
				CLANG_WARN_COMMA = YES;
				CLANG_WARN_CONSTANT_CONVERSION = YES;
				CLANG_WARN_DEPRECATED_OBJC_IMPLEMENTATIONS = YES;
				CLANG_WARN_DIRECT_OBJC_ISA_USAGE = YES_ERROR;
				CLANG_WARN_DOCUMENTATION_COMMENTS = YES;
				CLANG_WARN_EMPTY_BODY = YES;
				CLANG_WARN_ENUM_CONVERSION = YES;
				CLANG_WARN_INFINITE_RECURSION = YES;
				CLANG_WARN_INT_CONVERSION = YES;
				CLANG_WARN_NON_LITERAL_NULL_CONVERSION = YES;
				CLANG_WARN_OBJC_IMPLICIT_RETAIN_SELF = YES;
				CLANG_WARN_OBJC_LITERAL_CONVERSION = YES;
				CLANG_WARN_OBJC_ROOT_CLASS = YES_ERROR;
				CLANG_WARN_QUOTED_INCLUDE_IN_FRAMEWORK_HEADER = YES;
				CLANG_WARN_RANGE_LOOP_ANALYSIS = YES;
				CLANG_WARN_STRICT_PROTOTYPES = YES;
				CLANG_WARN_SUSPICIOUS_MOVE = YES;
				CLANG_WARN_UNGUARDED_AVAILABILITY = YES_AGGRESSIVE;
				CLANG_WARN_UNREACHABLE_CODE = YES;
				CLANG_WARN__DUPLICATE_METHOD_MATCH = YES;
				COPY_PHASE_STRIP = NO;
				DEBUG_INFORMATION_FORMAT = dwarf;
				ENABLE_STRICT_OBJC_MSGSEND = YES;
				ENABLE_TESTABILITY = YES;
				GCC_C_LANGUAGE_STANDARD = gnu11;
				GCC_DYNAMIC_NO_PIC = NO;
				GCC_NO_COMMON_BLOCKS = YES;
				GCC_OPTIMIZATION_LEVEL = 0;
				GCC_PREPROCESSOR_DEFINITIONS = (
					"DEBUG=1",
					"$(inherited)",
				);
				GCC_WARN_64_TO_32_BIT_CONVERSION = YES;
				GCC_WARN_ABOUT_RETURN_TYPE = YES_ERROR;
				GCC_WARN_UNDECLARED_SELECTOR = YES;
				GCC_WARN_UNINITIALIZED_AUTOS = YES_AGGRESSIVE;
				GCC_WARN_UNUSED_FUNCTION = YES;
				GCC_WARN_UNUSED_VARIABLE = YES;
				IPHONEOS_DEPLOYMENT_TARGET = 14.3;
				MTL_ENABLE_DEBUG_INFO = INCLUDE_SOURCE;
				MTL_FAST_MATH = YES;
				ONLY_ACTIVE_ARCH = YES;
				SDKROOT = iphoneos;
				SWIFT_ACTIVE_COMPILATION_CONDITIONS = DEBUG;
				SWIFT_OPTIMIZATION_LEVEL = "-Onone";
			};
			name = Debug;
		};
		E9B290D525B3791D001AA15B /* Release */ = {
			isa = XCBuildConfiguration;
			buildSettings = {
				ALWAYS_SEARCH_USER_PATHS = NO;
				CLANG_ANALYZER_NONNULL = YES;
				CLANG_ANALYZER_NUMBER_OBJECT_CONVERSION = YES_AGGRESSIVE;
				CLANG_CXX_LANGUAGE_STANDARD = "gnu++14";
				CLANG_CXX_LIBRARY = "libc++";
				CLANG_ENABLE_MODULES = YES;
				CLANG_ENABLE_OBJC_ARC = YES;
				CLANG_ENABLE_OBJC_WEAK = YES;
				CLANG_WARN_BLOCK_CAPTURE_AUTORELEASING = YES;
				CLANG_WARN_BOOL_CONVERSION = YES;
				CLANG_WARN_COMMA = YES;
				CLANG_WARN_CONSTANT_CONVERSION = YES;
				CLANG_WARN_DEPRECATED_OBJC_IMPLEMENTATIONS = YES;
				CLANG_WARN_DIRECT_OBJC_ISA_USAGE = YES_ERROR;
				CLANG_WARN_DOCUMENTATION_COMMENTS = YES;
				CLANG_WARN_EMPTY_BODY = YES;
				CLANG_WARN_ENUM_CONVERSION = YES;
				CLANG_WARN_INFINITE_RECURSION = YES;
				CLANG_WARN_INT_CONVERSION = YES;
				CLANG_WARN_NON_LITERAL_NULL_CONVERSION = YES;
				CLANG_WARN_OBJC_IMPLICIT_RETAIN_SELF = YES;
				CLANG_WARN_OBJC_LITERAL_CONVERSION = YES;
				CLANG_WARN_OBJC_ROOT_CLASS = YES_ERROR;
				CLANG_WARN_QUOTED_INCLUDE_IN_FRAMEWORK_HEADER = YES;
				CLANG_WARN_RANGE_LOOP_ANALYSIS = YES;
				CLANG_WARN_STRICT_PROTOTYPES = YES;
				CLANG_WARN_SUSPICIOUS_MOVE = YES;
				CLANG_WARN_UNGUARDED_AVAILABILITY = YES_AGGRESSIVE;
				CLANG_WARN_UNREACHABLE_CODE = YES;
				CLANG_WARN__DUPLICATE_METHOD_MATCH = YES;
				COPY_PHASE_STRIP = NO;
				DEBUG_INFORMATION_FORMAT = "dwarf-with-dsym";
				ENABLE_NS_ASSERTIONS = NO;
				ENABLE_STRICT_OBJC_MSGSEND = YES;
				GCC_C_LANGUAGE_STANDARD = gnu11;
				GCC_NO_COMMON_BLOCKS = YES;
				GCC_WARN_64_TO_32_BIT_CONVERSION = YES;
				GCC_WARN_ABOUT_RETURN_TYPE = YES_ERROR;
				GCC_WARN_UNDECLARED_SELECTOR = YES;
				GCC_WARN_UNINITIALIZED_AUTOS = YES_AGGRESSIVE;
				GCC_WARN_UNUSED_FUNCTION = YES;
				GCC_WARN_UNUSED_VARIABLE = YES;
				IPHONEOS_DEPLOYMENT_TARGET = 14.3;
				MTL_ENABLE_DEBUG_INFO = NO;
				MTL_FAST_MATH = YES;
				SDKROOT = iphoneos;
				SWIFT_COMPILATION_MODE = wholemodule;
				SWIFT_OPTIMIZATION_LEVEL = "-O";
				VALIDATE_PRODUCT = YES;
			};
			name = Release;
		};
		E9B290D725B3791D001AA15B /* Debug */ = {
			isa = XCBuildConfiguration;
			buildSettings = {
				ASSETCATALOG_COMPILER_APPICON_NAME = AppIcon;
				ASSETCATALOG_COMPILER_GLOBAL_ACCENT_COLOR_NAME = AccentColor;
				CODE_SIGN_STYLE = Automatic;
				INFOPLIST_FILE = "Delicious Desk/Info.plist";
				LD_RUNPATH_SEARCH_PATHS = (
					"$(inherited)",
					"@executable_path/Frameworks",
				);
				PRODUCT_BUNDLE_IDENTIFIER = "com.getsthepicture.Delicious-Desk";
				PRODUCT_NAME = "$(TARGET_NAME)";
				SWIFT_VERSION = 5.0;
				TARGETED_DEVICE_FAMILY = "1,2";
			};
			name = Debug;
		};
		E9B290D825B3791D001AA15B /* Release */ = {
			isa = XCBuildConfiguration;
			buildSettings = {
				ASSETCATALOG_COMPILER_APPICON_NAME = AppIcon;
				ASSETCATALOG_COMPILER_GLOBAL_ACCENT_COLOR_NAME = AccentColor;
				CODE_SIGN_STYLE = Automatic;
				INFOPLIST_FILE = "Delicious Desk/Info.plist";
				LD_RUNPATH_SEARCH_PATHS = (
					"$(inherited)",
					"@executable_path/Frameworks",
				);
				PRODUCT_BUNDLE_IDENTIFIER = "com.getsthepicture.Delicious-Desk";
				PRODUCT_NAME = "$(TARGET_NAME)";
				SWIFT_VERSION = 5.0;
				TARGETED_DEVICE_FAMILY = "1,2";
			};
			name = Release;
		};
		E9B290DA25B3791D001AA15B /* Debug */ = {
			isa = XCBuildConfiguration;
			buildSettings = {
				ALWAYS_EMBED_SWIFT_STANDARD_LIBRARIES = YES;
				BUNDLE_LOADER = "$(TEST_HOST)";
				CODE_SIGN_STYLE = Automatic;
				INFOPLIST_FILE = "Delicious DeskTests/Info.plist";
				IPHONEOS_DEPLOYMENT_TARGET = 14.3;
				LD_RUNPATH_SEARCH_PATHS = (
					"$(inherited)",
					"@executable_path/Frameworks",
					"@loader_path/Frameworks",
				);
				PRODUCT_BUNDLE_IDENTIFIER = "com.getsthepicture.Delicious-DeskTests";
				PRODUCT_NAME = "$(TARGET_NAME)";
				SWIFT_VERSION = 5.0;
				TARGETED_DEVICE_FAMILY = "1,2";
				TEST_HOST = "$(BUILT_PRODUCTS_DIR)/Delicious Desk.app/Delicious Desk";
			};
			name = Debug;
		};
		E9B290DB25B3791D001AA15B /* Release */ = {
			isa = XCBuildConfiguration;
			buildSettings = {
				ALWAYS_EMBED_SWIFT_STANDARD_LIBRARIES = YES;
				BUNDLE_LOADER = "$(TEST_HOST)";
				CODE_SIGN_STYLE = Automatic;
				INFOPLIST_FILE = "Delicious DeskTests/Info.plist";
				IPHONEOS_DEPLOYMENT_TARGET = 14.3;
				LD_RUNPATH_SEARCH_PATHS = (
					"$(inherited)",
					"@executable_path/Frameworks",
					"@loader_path/Frameworks",
				);
				PRODUCT_BUNDLE_IDENTIFIER = "com.getsthepicture.Delicious-DeskTests";
				PRODUCT_NAME = "$(TARGET_NAME)";
				SWIFT_VERSION = 5.0;
				TARGETED_DEVICE_FAMILY = "1,2";
				TEST_HOST = "$(BUILT_PRODUCTS_DIR)/Delicious Desk.app/Delicious Desk";
			};
			name = Release;
		};
		E9B290DD25B3791D001AA15B /* Debug */ = {
			isa = XCBuildConfiguration;
			buildSettings = {
				ALWAYS_EMBED_SWIFT_STANDARD_LIBRARIES = YES;
				CODE_SIGN_STYLE = Automatic;
				INFOPLIST_FILE = "Delicious DeskUITests/Info.plist";
				LD_RUNPATH_SEARCH_PATHS = (
					"$(inherited)",
					"@executable_path/Frameworks",
					"@loader_path/Frameworks",
				);
				PRODUCT_BUNDLE_IDENTIFIER = "com.getsthepicture.Delicious-DeskUITests";
				PRODUCT_NAME = "$(TARGET_NAME)";
				SWIFT_VERSION = 5.0;
				TARGETED_DEVICE_FAMILY = "1,2";
				TEST_TARGET_NAME = "Delicious Desk";
			};
			name = Debug;
		};
		E9B290DE25B3791D001AA15B /* Release */ = {
			isa = XCBuildConfiguration;
			buildSettings = {
				ALWAYS_EMBED_SWIFT_STANDARD_LIBRARIES = YES;
				CODE_SIGN_STYLE = Automatic;
				INFOPLIST_FILE = "Delicious DeskUITests/Info.plist";
				LD_RUNPATH_SEARCH_PATHS = (
					"$(inherited)",
					"@executable_path/Frameworks",
					"@loader_path/Frameworks",
				);
				PRODUCT_BUNDLE_IDENTIFIER = "com.getsthepicture.Delicious-DeskUITests";
				PRODUCT_NAME = "$(TARGET_NAME)";
				SWIFT_VERSION = 5.0;
				TARGETED_DEVICE_FAMILY = "1,2";
				TEST_TARGET_NAME = "Delicious Desk";
			};
			name = Release;
		};
/* End XCBuildConfiguration section */

/* Begin XCConfigurationList section */
		E9B290A725B3791A001AA15B /* Build configuration list for PBXProject "Delicious Desk" */ = {
			isa = XCConfigurationList;
			buildConfigurations = (
				E9B290D425B3791D001AA15B /* Debug */,
				E9B290D525B3791D001AA15B /* Release */,
			);
			defaultConfigurationIsVisible = 0;
			defaultConfigurationName = Release;
		};
		E9B290D625B3791D001AA15B /* Build configuration list for PBXNativeTarget "Delicious Desk" */ = {
			isa = XCConfigurationList;
			buildConfigurations = (
				E9B290D725B3791D001AA15B /* Debug */,
				E9B290D825B3791D001AA15B /* Release */,
			);
			defaultConfigurationIsVisible = 0;
			defaultConfigurationName = Release;
		};
		E9B290D925B3791D001AA15B /* Build configuration list for PBXNativeTarget "Delicious DeskTests" */ = {
			isa = XCConfigurationList;
			buildConfigurations = (
				E9B290DA25B3791D001AA15B /* Debug */,
				E9B290DB25B3791D001AA15B /* Release */,
			);
			defaultConfigurationIsVisible = 0;
			defaultConfigurationName = Release;
		};
		E9B290DC25B3791D001AA15B /* Build configuration list for PBXNativeTarget "Delicious DeskUITests" */ = {
			isa = XCConfigurationList;
			buildConfigurations = (
				E9B290DD25B3791D001AA15B /* Debug */,
				E9B290DE25B3791D001AA15B /* Release */,
			);
			defaultConfigurationIsVisible = 0;
			defaultConfigurationName = Release;
		};
/* End XCConfigurationList section */
	};
	rootObject = E9B290A425B3791A001AA15B /* Project object */;
}
